
Microsoft Visual Studio Solution File, Format Version 12.00
# Visual Studio Version 16
VisualStudioVersion = 16.0.30320.27
MinimumVisualStudioVersion = 10.0.40219.1
Project("{8BC9CEB8-8B4A-11D0-8D11-00A0C91BC942}") = "20201105", "20201105\20201105.vcxproj", "{F3135A1D-2DC3-4636-87CC-8C8D29417F9C}"
EndProject
Global
	GlobalSection(SolutionConfigurationPlatforms) = preSolution
		Debug|x64 = Debug|x64
		Debug|x86 = Debug|x86
		Release|x64 = Release|x64
		Release|x86 = Release|x86
	EndGlobalSection
	GlobalSection(ProjectConfigurationPlatforms) = postSolution
		{F3135A1D-2DC3-4636-87CC-8C8D29417F9C}.Debug|x64.ActiveCfg = Debug|x64
		{F3135A1D-2DC3-4636-87CC-8C8D29417F9C}.Debug|x64.Build.0 = Debug|x64
		{F3135A1D-2DC3-4636-87CC-8C8D29417F9C}.Debug|x86.ActiveCfg = Debug|Win32
		{F3135A1D-2DC3-4636-87CC-8C8D29417F9C}.Debug|x86.Build.0 = Debug|Win32
		{F3135A1D-2DC3-4636-87CC-8C8D29417F9C}.Release|x64.ActiveCfg = Release|x64
		{F3135A1D-2DC3-4636-87CC-8C8D29417F9C}.Release|x64.Build.0 = Release|x64
		{F3135A1D-2DC3-4636-87CC-8C8D29417F9C}.Release|x86.ActiveCfg = Release|Win32
		{F3135A1D-2DC3-4636-87CC-8C8D29417F9C}.Release|x86.Build.0 = Release|Win32
	EndGlobalSection
	GlobalSection(SolutionProperties) = preSolution
		HideSolutionNode = FALSE
	EndGlobalSection
	GlobalSection(ExtensibilityGlobals) = postSolution
		SolutionGuid = {D247BF8D-AB26-4CDC-92EA-6E8EC2DEF49E}
	EndGlobalSection
EndGlobal
